github.com/go-camp/interval v0.0.0-20201105132344-41f3b03c4c44 h1:PNA5RhjH/HmSBokyrdfKnfCLzxEahkyH3zoj98ta4XA=
github.com/go-camp/interval v0.0.0-20201105132344-41f3b03c4c44/go.mod h1:5h2Ug7jw3xQYrirGa72+eXCqnjCBLcOU9mtA/O45hhc=
github.com/remyoudompheng/bigfft v0.0.0-20230129092748-24d4a6f8daec h1:W09IVJc94icq4NjY3clb7Lk8O1qJ8BdBEF8z0ibU0rE=
github.com/remyoudompheng/bigfft v0.0.0-20230129092748-24d4a6f8daec/go.mod h1:qqbHyh8v60DhA7CoWK5oRCqLrMHRGoxYCSS9EjAz6Eo=
github.com/soroushj/menge v1.1.3 h1:x2JESmtbgb3CR6tMs4FsbXDsLDs4CqK1+18UwO5RYgY=
github.com/soroushj/menge v1.1.3/go.mod h1:R7f89VBNRQEYs0WUEweqsm2nfbxtO/pDk58ICvsGeA0=
modernc.org/mathutil v1.6.0 h1:fRe9+AmYlaej+64JsEEhoWuAYBkOtQiMEU7n/XgfYi4=
modernc.org/mathutil v1.6.0/go.mod h1:Ui5Q9q1TR2gFm0AQRqQUaBWFLAhQpCwNcuhBOSedWPo=
